
Microsoft Visual Studio Solution File, Format Version 12.00
# Visual Studio Version 17
VisualStudioVersion = 17.14.36202.13
MinimumVisualStudioVersion = 10.0.40219.1
Project("{2150E333-8FDC-42A3-9474-1A3956D46DE8}") = "CETS.Core.AI", "CETS.Core.AI", "{02EA681E-C7D8-13C7-8484-4AC65E1B71E8}"
EndProject
Project("{FAE04EC0-301F-11D3-BF4B-00C04F79EFBC}") = "Interfaces", "..\CETS.Core\Interfaces\Interfaces.csproj", "{789DF626-F33D-3EBC-8016-2EC14072804F}"
EndProject
Project("{FAE04EC0-301F-11D3-BF4B-00C04F79EFBC}") = "Models", "..\CETS.Core\Models\Models.csproj", "{264CA032-4916-F03F-E699-8E73265483CE}"
EndProject
Project("{2150E333-8FDC-42A3-9474-1A3956D46DE8}") = "CETS.Core.Shared", "CETS.Core.Shared", "{1936C3B8-B7B1-41C8-A371-A28F343B7C4C}"
EndProject
Project("{FAE04EC0-301F-11D3-BF4B-00C04F79EFBC}") = "DTOs", "..\CETS.Core\DTOs\DTOs.csproj", "{3E70B586-92C1-151F-6580-CD803A701874}"
EndProject
Project("{FAE04EC0-301F-11D3-BF4B-00C04F79EFBC}") = "Utils", "..\CETS.Core\Utils\Utils.csproj", "{3085AB4A-10F6-2B4A-C3F3-D37C8A3AE533}"
EndProject
Project("{FAE04EC0-301F-11D3-BF4B-00C04F79EFBC}") = "CETS.AI.API", "CETS.AI.API\CETS.AI.API.csproj", "{B2E6F392-F3B2-5893-6101-E5F5462F3354}"
EndProject
Global
	GlobalSection(SolutionConfigurationPlatforms) = preSolution
		Debug|Any CPU = Debug|Any CPU
		Release|Any CPU = Release|Any CPU
	EndGlobalSection
	GlobalSection(ProjectConfigurationPlatforms) = postSolution
		{789DF626-F33D-3EBC-8016-2EC14072804F}.Debug|Any CPU.ActiveCfg = Debug|Any CPU
		{789DF626-F33D-3EBC-8016-2EC14072804F}.Debug|Any CPU.Build.0 = Debug|Any CPU
		{789DF626-F33D-3EBC-8016-2EC14072804F}.Release|Any CPU.ActiveCfg = Release|Any CPU
		{789DF626-F33D-3EBC-8016-2EC14072804F}.Release|Any CPU.Build.0 = Release|Any CPU
		{264CA032-4916-F03F-E699-8E73265483CE}.Debug|Any CPU.ActiveCfg = Debug|Any CPU
		{264CA032-4916-F03F-E699-8E73265483CE}.Debug|Any CPU.Build.0 = Debug|Any CPU
		{264CA032-4916-F03F-E699-8E73265483CE}.Release|Any CPU.ActiveCfg = Release|Any CPU
		{264CA032-4916-F03F-E699-8E73265483CE}.Release|Any CPU.Build.0 = Release|Any CPU
		{3E70B586-92C1-151F-6580-CD803A701874}.Debug|Any CPU.ActiveCfg = Debug|Any CPU
		{3E70B586-92C1-151F-6580-CD803A701874}.Debug|Any CPU.Build.0 = Debug|Any CPU
		{3E70B586-92C1-151F-6580-CD803A701874}.Release|Any CPU.ActiveCfg = Release|Any CPU
		{3E70B586-92C1-151F-6580-CD803A701874}.Release|Any CPU.Build.0 = Release|Any CPU
		{3085AB4A-10F6-2B4A-C3F3-D37C8A3AE533}.Debug|Any CPU.ActiveCfg = Debug|Any CPU
		{3085AB4A-10F6-2B4A-C3F3-D37C8A3AE533}.Debug|Any CPU.Build.0 = Debug|Any CPU
		{3085AB4A-10F6-2B4A-C3F3-D37C8A3AE533}.Release|Any CPU.ActiveCfg = Release|Any CPU
		{3085AB4A-10F6-2B4A-C3F3-D37C8A3AE533}.Release|Any CPU.Build.0 = Release|Any CPU
		{B2E6F392-F3B2-5893-6101-E5F5462F3354}.Debug|Any CPU.ActiveCfg = Debug|Any CPU
		{B2E6F392-F3B2-5893-6101-E5F5462F3354}.Debug|Any CPU.Build.0 = Debug|Any CPU
		{B2E6F392-F3B2-5893-6101-E5F5462F3354}.Release|Any CPU.ActiveCfg = Release|Any CPU
		{B2E6F392-F3B2-5893-6101-E5F5462F3354}.Release|Any CPU.Build.0 = Release|Any CPU
	EndGlobalSection
	GlobalSection(SolutionProperties) = preSolution
		HideSolutionNode = FALSE
	EndGlobalSection
	GlobalSection(NestedProjects) = preSolution
		{789DF626-F33D-3EBC-8016-2EC14072804F} = {02EA681E-C7D8-13C7-8484-4AC65E1B71E8}
		{264CA032-4916-F03F-E699-8E73265483CE} = {02EA681E-C7D8-13C7-8484-4AC65E1B71E8}
		{3E70B586-92C1-151F-6580-CD803A701874} = {1936C3B8-B7B1-41C8-A371-A28F343B7C4C}
		{3085AB4A-10F6-2B4A-C3F3-D37C8A3AE533} = {1936C3B8-B7B1-41C8-A371-A28F343B7C4C}
	EndGlobalSection
	GlobalSection(ExtensibilityGlobals) = postSolution
		SolutionGuid = {C4B1C5DD-A966-42CD-A30F-5B858DA7D9BE}
	EndGlobalSection
EndGlobal
